<?xml version="1.0" encoding="utf-8"?>
<Project ToolsVersion="4.0" xmlns="http://schemas.microsoft.com/developer/msbuild/2003">
  <ItemGroup>
    <Filter Include="Source Files">
      <UniqueIdentifier>{4FC737F1-C7A5-4376-A066-2A32D752A2FF}</UniqueIdentifier>
      <Extensions>cpp;c;cc;cxx;def;odl;idl;hpj;bat;asm;asmx</Extensions>
    </Filter>
    <Filter Include="Header Files">
      <UniqueIdentifier>{93995380-89BD-4b04-88EB-625FBE52EBFB}</UniqueIdentifier>
      <Extensions>h;hh;hpp;hxx;hm;inl;inc;xsd</Extensions>
    </Filter>
    <Filter Include="Resource Files">
      <UniqueIdentifier>{67DA6AB6-F800-4c08-8B7A-83BB121AAD01}</UniqueIdentifier>
      <Extensions>rc;ico;cur;bmp;dlg;rc2;rct;bin;rgs;gif;jpg;jpeg;jpe;resx;tiff;tif;png;wav;mfcribbon-ms</Extensions>
    </Filter>
  </ItemGroup>
  <ItemGroup>
    <Text Include="ReadMe.txt" />
  </ItemGroup>
  <ItemGroup>
    <ClInclude Include="pr.h">
      <Filter>Header Files</Filter>
    </ClInclude>
    <ClInclude Include="PRBBox.h">
      <Filter>Header Files</Filter>
    </ClInclude>
    <ClInclude Include="PRBilinearInterpolater.h">
      <Filter>Header Files</Filter>
    </ClInclude>
    <ClInclude Include="PRBrdfSample.h">
      <Filter>Header Files</Filter>
    </ClInclude>
    <ClInclude Include="PRBVHTreeNode.h">
      <Filter>Header Files</Filter>
    </ClInclude>
    <ClInclude Include="PRCamera.h">
      <Filter>Header Files</Filter>
    </ClInclude>
    <ClInclude Include="prForward.h">
      <Filter>Header Files</Filter>
    </ClInclude>
    <ClInclude Include="PRIntersection.h">
      <Filter>Header Files</Filter>
    </ClInclude>
    <ClInclude Include="PRLightModel.h">
      <Filter>Header Files</Filter>
    </ClInclude>
    <ClInclude Include="PRLine.h">
      <Filter>Header Files</Filter>
    </ClInclude>
    <ClInclude Include="PRLumitexel.h">
      <Filter>Header Files</Filter>
    </ClInclude>
    <ClInclude Include="PRMaterial.h">
      <Filter>Header Files</Filter>
    </ClInclude>
    <ClInclude Include="PRMatrix2D.h">
      <Filter>Header Files</Filter>
    </ClInclude>
    <ClInclude Include="PRPixel.h">
      <Filter>Header Files</Filter>
    </ClInclude>
    <ClInclude Include="PRSceneObject.h">
      <Filter>Header Files</Filter>
    </ClInclude>
    <ClInclude Include="PRShape.h">
      <Filter>Header Files</Filter>
    </ClInclude>
    <ClInclude Include="prStd.h">
      <Filter>Header Files</Filter>
    </ClInclude>
    <ClInclude Include="PRStereoCameras.h">
      <Filter>Header Files</Filter>
    </ClInclude>
    <ClInclude Include="PRTransform.h">
      <Filter>Header Files</Filter>
    </ClInclude>
    <ClInclude Include="PRTriangle.h">
      <Filter>Header Files</Filter>
    </ClInclude>
    <ClInclude Include="PRTriangleMesh.h">
      <Filter>Header Files</Filter>
    </ClInclude>
    <ClInclude Include="PRTriangleMeshObject.h">
      <Filter>Header Files</Filter>
    </ClInclude>
    <ClInclude Include="PRVector3.h">
      <Filter>Header Files</Filter>
    </ClInclude>
  </ItemGroup>
  <ItemGroup>
    <ClCompile Include="PRBBox.cpp">
      <Filter>Source Files</Filter>
    </ClCompile>
    <ClCompile Include="PRBilinearInterpolater.cpp">
      <Filter>Source Files</Filter>
    </ClCompile>
    <ClCompile Include="PRBrdfSample.cpp">
      <Filter>Source Files</Filter>
    </ClCompile>
    <ClCompile Include="PRBVHTreeNode.cpp">
      <Filter>Source Files</Filter>
    </ClCompile>
    <ClCompile Include="PRCamera.cpp">
      <Filter>Source Files</Filter>
    </ClCompile>
    <ClCompile Include="PRLightModel.cpp">
      <Filter>Source Files</Filter>
    </ClCompile>
    <ClCompile Include="PRLine.cpp">
      <Filter>Source Files</Filter>
    </ClCompile>
    <ClCompile Include="PRLumitexel.cpp">
      <Filter>Source Files</Filter>
    </ClCompile>
    <ClCompile Include="PRPixel.cpp">
      <Filter>Source Files</Filter>
    </ClCompile>
    <ClCompile Include="PRSceneObject.cpp">
      <Filter>Source Files</Filter>
    </ClCompile>
    <ClCompile Include="PRStereoCameras.cpp">
      <Filter>Source Files</Filter>
    </ClCompile>
    <ClCompile Include="PRTransform.cpp">
      <Filter>Source Files</Filter>
    </ClCompile>
    <ClCompile Include="PRTriangle.cpp">
      <Filter>Source Files</Filter>
    </ClCompile>
    <ClCompile Include="PRTriangleMesh.cpp">
      <Filter>Source Files</Filter>
    </ClCompile>
    <ClCompile Include="PRTriangleMeshObject.cpp">
      <Filter>Source Files</Filter>
    </ClCompile>
    <ClCompile Include="PRVector3.cpp">
      <Filter>Source Files</Filter>
    </ClCompile>
  </ItemGroup>
</Project>